
Microsoft Visual Studio Solution File, Format Version 12.00
# Visual Studio Version 16
VisualStudioVersion = 16.0.29905.134
MinimumVisualStudioVersion = 10.0.40219.1
Project("{FAE04EC0-301F-11D3-BF4B-00C04F79EFBC}") = "MoTo", "MoTo\MoTo.csproj", "{7206C345-5888-4DC1-990B-1BC075BA85E7}"
EndProject
Global
	GlobalSection(SolutionConfigurationPlatforms) = preSolution
		Debug|Any CPU = Debug|Any CPU
		Release|Any CPU = Release|Any CPU
	EndGlobalSection
	GlobalSection(ProjectConfigurationPlatforms) = postSolution
		{7206C345-5888-4DC1-990B-1BC075BA85E7}.Debug|Any CPU.ActiveCfg = Debug|Any CPU
		{7206C345-5888-4DC1-990B-1BC075BA85E7}.Debug|Any CPU.Build.0 = Debug|Any CPU
		{7206C345-5888-4DC1-990B-1BC075BA85E7}.Release|Any CPU.ActiveCfg = Release|Any CPU
		{7206C345-5888-4DC1-990B-1BC075BA85E7}.Release|Any CPU.Build.0 = Release|Any CPU
	EndGlobalSection
	GlobalSection(SolutionProperties) = preSolution
		HideSolutionNode = FALSE
	EndGlobalSection
	GlobalSection(ExtensibilityGlobals) = postSolution
		SolutionGuid = {0E3FEF29-1963-439F-A11C-62D72A26D2D5}
	EndGlobalSection
EndGlobal
